
Microsoft Visual Studio Solution File, Format Version 12.00
# Visual Studio 15
VisualStudioVersion = 15.0.27428.2015
MinimumVisualStudioVersion = 10.0.40219.1
Project("{FAE04EC0-301F-11D3-BF4B-00C04F79EFBC}") = "LabNumber3GC", "LabNumber2GC\LabNumber3GC.csproj", "{1D58E839-BD0E-4418-800B-0D2786CDB6DB}"
EndProject
Global
	GlobalSection(SolutionConfigurationPlatforms) = preSolution
		Debug|Any CPU = Debug|Any CPU
		Release|Any CPU = Release|Any CPU
	EndGlobalSection
	GlobalSection(ProjectConfigurationPlatforms) = postSolution
		{1D58E839-BD0E-4418-800B-0D2786CDB6DB}.Debug|Any CPU.ActiveCfg = Debug|Any CPU
		{1D58E839-BD0E-4418-800B-0D2786CDB6DB}.Debug|Any CPU.Build.0 = Debug|Any CPU
		{1D58E839-BD0E-4418-800B-0D2786CDB6DB}.Release|Any CPU.ActiveCfg = Release|Any CPU
		{1D58E839-BD0E-4418-800B-0D2786CDB6DB}.Release|Any CPU.Build.0 = Release|Any CPU
	EndGlobalSection
	GlobalSection(SolutionProperties) = preSolution
		HideSolutionNode = FALSE
	EndGlobalSection
	GlobalSection(ExtensibilityGlobals) = postSolution
		SolutionGuid = {032E259D-98CE-4BE5-910A-D1CFA6C02886}
	EndGlobalSection
EndGlobal
